
Microsoft Visual Studio Solution File, Format Version 12.00
# Visual Studio 15
VisualStudioVersion = 15.0.27703.2035
MinimumVisualStudioVersion = 10.0.40219.1
Project("{FAE04EC0-301F-11D3-BF4B-00C04F79EFBC}") = "AngularCoreAdoNet", "AngularCoreAdoNet\AngularCoreAdoNet.csproj", "{2EE7D132-F017-42EC-998A-D9EBF5EF170A}"
EndProject
Global
	GlobalSection(SolutionConfigurationPlatforms) = preSolution
		Debug|Any CPU = Debug|Any CPU
		Release|Any CPU = Release|Any CPU
	EndGlobalSection
	GlobalSection(ProjectConfigurationPlatforms) = postSolution
		{2EE7D132-F017-42EC-998A-D9EBF5EF170A}.Debug|Any CPU.ActiveCfg = Debug|Any CPU
		{2EE7D132-F017-42EC-998A-D9EBF5EF170A}.Debug|Any CPU.Build.0 = Debug|Any CPU
		{2EE7D132-F017-42EC-998A-D9EBF5EF170A}.Release|Any CPU.ActiveCfg = Release|Any CPU
		{2EE7D132-F017-42EC-998A-D9EBF5EF170A}.Release|Any CPU.Build.0 = Release|Any CPU
	EndGlobalSection
	GlobalSection(SolutionProperties) = preSolution
		HideSolutionNode = FALSE
	EndGlobalSection
	GlobalSection(ExtensibilityGlobals) = postSolution
		SolutionGuid = {1A202FC8-B65E-48D8-A5CA-9B6EECA10740}
	EndGlobalSection
EndGlobal
